
Microsoft Visual Studio Solution File, Format Version 12.00
# Visual Studio Version 16
VisualStudioVersion = 16.0.31313.79
MinimumVisualStudioVersion = 10.0.40219.1
Project("{9A19103F-16F7-4668-BE54-9A1E7A4F7556}") = "AlienInvaders", "AlienInvaders.csproj", "{7502E7B5-FA8C-48EB-BA49-F66E6FF61E94}"
EndProject
Global
	GlobalSection(SolutionConfigurationPlatforms) = preSolution
		Debug|Any CPU = Debug|Any CPU
		Release|Any CPU = Release|Any CPU
	EndGlobalSection
	GlobalSection(ProjectConfigurationPlatforms) = postSolution
		{7502E7B5-FA8C-48EB-BA49-F66E6FF61E94}.Debug|Any CPU.ActiveCfg = Debug|Any CPU
		{7502E7B5-FA8C-48EB-BA49-F66E6FF61E94}.Debug|Any CPU.Build.0 = Debug|Any CPU
		{7502E7B5-FA8C-48EB-BA49-F66E6FF61E94}.Release|Any CPU.ActiveCfg = Release|Any CPU
		{7502E7B5-FA8C-48EB-BA49-F66E6FF61E94}.Release|Any CPU.Build.0 = Release|Any CPU
	EndGlobalSection
	GlobalSection(SolutionProperties) = preSolution
		HideSolutionNode = FALSE
	EndGlobalSection
	GlobalSection(ExtensibilityGlobals) = postSolution
		SolutionGuid = {3456567A-2339-47B4-9EDE-894B9E1900E5}
	EndGlobalSection
EndGlobal
